// !$*UTF8*$!
{
	archiveVersion = 1;
	classes = {
	};
	objectVersion = 56;
	objects = {

/* Begin PBXBuildFile section */
		2509A57729921504004953BA /* TempDomain.swift in Sources */ = {isa = PBXBuildFile; fileRef = 2509A57629921504004953BA /* TempDomain.swift */; };
		2509A58129921596004953BA /* TempCommon.swift in Sources */ = {isa = PBXBuildFile; fileRef = 2509A58029921596004953BA /* TempCommon.swift */; };
		5201E01346E13802D46963FA /* Pods_FANNI_iOSTests.framework in Frameworks */ = {isa = PBXBuildFile; fileRef = 1AED4DE771E31000676F197E /* Pods_FANNI_iOSTests.framework */; };
		7FAF329169E341BDB541F61A /* Pods_FANNI_iOS_FANNI_iOSUITests.framework in Frameworks */ = {isa = PBXBuildFile; fileRef = E5C6D2236BB239EA86431BAA /* Pods_FANNI_iOS_FANNI_iOSUITests.framework */; };
		AC31C3EB8B867AA450BCB6B8 /* Pods_FANNI_iOS.framework in Frameworks */ = {isa = PBXBuildFile; fileRef = B9D9235962052B2694D7EAE4 /* Pods_FANNI_iOS.framework */; };
		ED050B0D29A0CFAE008E2961 /* FirstOnboardingViewController.swift in Sources */ = {isa = PBXBuildFile; fileRef = ED050B0C29A0CFAE008E2961 /* FirstOnboardingViewController.swift */; };
		ED050B0F29A0D186008E2961 /* OnboardingFirstReactor.swift in Sources */ = {isa = PBXBuildFile; fileRef = ED050B0E29A0D186008E2961 /* OnboardingFirstReactor.swift */; };
		ED280BCF299D17120089570C /* AuthViewReactor.swift in Sources */ = {isa = PBXBuildFile; fileRef = ED280BCE299D17120089570C /* AuthViewReactor.swift */; };
		ED3E3D312997F31E00AEBFE5 /* tempInfrastructure.swift in Sources */ = {isa = PBXBuildFile; fileRef = ED3E3D302997F31E00AEBFE5 /* tempInfrastructure.swift */; };
		ED3E3D39299803BD00AEBFE5 /* UIColor+Extension.swift in Sources */ = {isa = PBXBuildFile; fileRef = ED3E3D38299803BD00AEBFE5 /* UIColor+Extension.swift */; };
		ED3E3D3C299808C400AEBFE5 /* PretendardVariable.ttf in Resources */ = {isa = PBXBuildFile; fileRef = ED3E3D3B299808C400AEBFE5 /* PretendardVariable.ttf */; };
		ED3E3D3E29980B6300AEBFE5 /* Cafe24Ssurround.ttf in Resources */ = {isa = PBXBuildFile; fileRef = ED3E3D3D29980B6300AEBFE5 /* Cafe24Ssurround.ttf */; };
		ED3E3D44299818AE00AEBFE5 /* UIFont+Extenstion.swift in Sources */ = {isa = PBXBuildFile; fileRef = ED3E3D43299818AE00AEBFE5 /* UIFont+Extenstion.swift */; };
		ED3E3D4B2998973A00AEBFE5 /* AgreementViewController.swift in Sources */ = {isa = PBXBuildFile; fileRef = ED3E3D4A2998973A00AEBFE5 /* AgreementViewController.swift */; };
		ED3E3D8B2998AF5C00AEBFE5 /* BaseViewController.swift in Sources */ = {isa = PBXBuildFile; fileRef = ED3E3D8A2998AF5C00AEBFE5 /* BaseViewController.swift */; };
		ED3E3D8D2998C11B00AEBFE5 /* AgreementReactor.swift in Sources */ = {isa = PBXBuildFile; fileRef = ED3E3D8C2998C11B00AEBFE5 /* AgreementReactor.swift */; };
		ED3E3D8F2998C61400AEBFE5 /* Inter.ttf in Resources */ = {isa = PBXBuildFile; fileRef = ED3E3D8E2998C61400AEBFE5 /* Inter.ttf */; };
		ED451F41299BE9CB000AA855 /* NSNotification+Extension.swift in Sources */ = {isa = PBXBuildFile; fileRef = ED451F40299BE9CB000AA855 /* NSNotification+Extension.swift */; };
		ED451F43299BEC72000AA855 /* UserManager.swift in Sources */ = {isa = PBXBuildFile; fileRef = ED451F42299BEC72000AA855 /* UserManager.swift */; };
		ED4842F3299BB4890055E5AC /* Reactive+Extension.swift in Sources */ = {isa = PBXBuildFile; fileRef = ED4842F2299BB4890055E5AC /* Reactive+Extension.swift */; };
		ED4842F5299BC88B0055E5AC /* KakaoAuthService.swift in Sources */ = {isa = PBXBuildFile; fileRef = ED4842F4299BC88B0055E5AC /* KakaoAuthService.swift */; };
		ED5F49C429A06F5400693FBA /* OSLog.framework in Frameworks */ = {isa = PBXBuildFile; fileRef = ED5F49C329A06F5400693FBA /* OSLog.framework */; settings = {ATTRIBUTES = (Weak, ); }; };
		ED5F49C629A06F8500693FBA /* Log.swift in Sources */ = {isa = PBXBuildFile; fileRef = ED5F49C529A06F8500693FBA /* Log.swift */; };
		EDB7C3F9298FC9C100D60A9E /* AppDelegate.swift in Sources */ = {isa = PBXBuildFile; fileRef = EDB7C3F8298FC9C100D60A9E /* AppDelegate.swift */; };
		EDB7C3FB298FC9C100D60A9E /* SceneDelegate.swift in Sources */ = {isa = PBXBuildFile; fileRef = EDB7C3FA298FC9C100D60A9E /* SceneDelegate.swift */; };
		EDB7C3FD298FC9C100D60A9E /* AuthViewController.swift in Sources */ = {isa = PBXBuildFile; fileRef = EDB7C3FC298FC9C100D60A9E /* AuthViewController.swift */; };
		EDB7C402298FC9C200D60A9E /* Assets.xcassets in Resources */ = {isa = PBXBuildFile; fileRef = EDB7C401298FC9C200D60A9E /* Assets.xcassets */; };
		EDB7C405298FC9C200D60A9E /* LaunchScreen.storyboard in Resources */ = {isa = PBXBuildFile; fileRef = EDB7C403298FC9C200D60A9E /* LaunchScreen.storyboard */; };
		EDB7C410298FC9C200D60A9E /* FANNI_iOSTests.swift in Sources */ = {isa = PBXBuildFile; fileRef = EDB7C40F298FC9C200D60A9E /* FANNI_iOSTests.swift */; };
		EDB7C41A298FC9C200D60A9E /* FANNI_iOSUITests.swift in Sources */ = {isa = PBXBuildFile; fileRef = EDB7C419298FC9C200D60A9E /* FANNI_iOSUITests.swift */; };
		EDB7C41C298FC9C200D60A9E /* FANNI_iOSUITestsLaunchTests.swift in Sources */ = {isa = PBXBuildFile; fileRef = EDB7C41B298FC9C200D60A9E /* FANNI_iOSUITestsLaunchTests.swift */; };
		EDB7C431298FDA0F00D60A9E /* .swiftlint.yml in Resources */ = {isa = PBXBuildFile; fileRef = EDB7C430298FDA0F00D60A9E /* .swiftlint.yml */; };
/* End PBXBuildFile section */

/* Begin PBXContainerItemProxy section */
		EDB7C40C298FC9C200D60A9E /* PBXContainerItemProxy */ = {
			isa = PBXContainerItemProxy;
			containerPortal = EDB7C3ED298FC9C100D60A9E /* Project object */;
			proxyType = 1;
			remoteGlobalIDString = EDB7C3F4298FC9C100D60A9E;
			remoteInfo = "FANNI-iOS";
		};
		EDB7C416298FC9C200D60A9E /* PBXContainerItemProxy */ = {
			isa = PBXContainerItemProxy;
			containerPortal = EDB7C3ED298FC9C100D60A9E /* Project object */;
			proxyType = 1;
			remoteGlobalIDString = EDB7C3F4298FC9C100D60A9E;
			remoteInfo = "FANNI-iOS";
		};
/* End PBXContainerItemProxy section */

/* Begin PBXFileReference section */
		1383C74EC97E37B022EE6D53 /* Pods-FANNI-iOS.debug.xcconfig */ = {isa = PBXFileReference; includeInIndex = 1; lastKnownFileType = text.xcconfig; name = "Pods-FANNI-iOS.debug.xcconfig"; path = "Target Support Files/Pods-FANNI-iOS/Pods-FANNI-iOS.debug.xcconfig"; sourceTree = "<group>"; };
		16F6B2F4F9557851417FA24D /* Pods-FANNI-iOS-FANNI-iOSUITests.debug.xcconfig */ = {isa = PBXFileReference; includeInIndex = 1; lastKnownFileType = text.xcconfig; name = "Pods-FANNI-iOS-FANNI-iOSUITests.debug.xcconfig"; path = "Target Support Files/Pods-FANNI-iOS-FANNI-iOSUITests/Pods-FANNI-iOS-FANNI-iOSUITests.debug.xcconfig"; sourceTree = "<group>"; };
		1AED4DE771E31000676F197E /* Pods_FANNI_iOSTests.framework */ = {isa = PBXFileReference; explicitFileType = wrapper.framework; includeInIndex = 0; path = Pods_FANNI_iOSTests.framework; sourceTree = BUILT_PRODUCTS_DIR; };
		2509A57629921504004953BA /* TempDomain.swift */ = {isa = PBXFileReference; lastKnownFileType = sourcecode.swift; name = TempDomain.swift; path = "FANNI-iOS/Domain/TempDomain.swift"; sourceTree = SOURCE_ROOT; };
		2509A58029921596004953BA /* TempCommon.swift */ = {isa = PBXFileReference; lastKnownFileType = sourcecode.swift; path = TempCommon.swift; sourceTree = "<group>"; };
		30F5EAFECD49C961B31E43CA /* Pods-FANNI-iOSTests.debug.xcconfig */ = {isa = PBXFileReference; includeInIndex = 1; lastKnownFileType = text.xcconfig; name = "Pods-FANNI-iOSTests.debug.xcconfig"; path = "Target Support Files/Pods-FANNI-iOSTests/Pods-FANNI-iOSTests.debug.xcconfig"; sourceTree = "<group>"; };
		B9D9235962052B2694D7EAE4 /* Pods_FANNI_iOS.framework */ = {isa = PBXFileReference; explicitFileType = wrapper.framework; includeInIndex = 0; path = Pods_FANNI_iOS.framework; sourceTree = BUILT_PRODUCTS_DIR; };
		C01F0E1E90526330A260CB27 /* Pods-FANNI-iOS.release.xcconfig */ = {isa = PBXFileReference; includeInIndex = 1; lastKnownFileType = text.xcconfig; name = "Pods-FANNI-iOS.release.xcconfig"; path = "Target Support Files/Pods-FANNI-iOS/Pods-FANNI-iOS.release.xcconfig"; sourceTree = "<group>"; };
		C82B1C940FE4960C36FA7CBB /* Pods-FANNI-iOS-FANNI-iOSUITests.release.xcconfig */ = {isa = PBXFileReference; includeInIndex = 1; lastKnownFileType = text.xcconfig; name = "Pods-FANNI-iOS-FANNI-iOSUITests.release.xcconfig"; path = "Target Support Files/Pods-FANNI-iOS-FANNI-iOSUITests/Pods-FANNI-iOS-FANNI-iOSUITests.release.xcconfig"; sourceTree = "<group>"; };
		DACD483FBA15B2469A5E958F /* Pods-FANNI-iOSTests.release.xcconfig */ = {isa = PBXFileReference; includeInIndex = 1; lastKnownFileType = text.xcconfig; name = "Pods-FANNI-iOSTests.release.xcconfig"; path = "Target Support Files/Pods-FANNI-iOSTests/Pods-FANNI-iOSTests.release.xcconfig"; sourceTree = "<group>"; };
		E5C6D2236BB239EA86431BAA /* Pods_FANNI_iOS_FANNI_iOSUITests.framework */ = {isa = PBXFileReference; explicitFileType = wrapper.framework; includeInIndex = 0; path = Pods_FANNI_iOS_FANNI_iOSUITests.framework; sourceTree = BUILT_PRODUCTS_DIR; };
		ED050B0C29A0CFAE008E2961 /* FirstOnboardingViewController.swift */ = {isa = PBXFileReference; lastKnownFileType = sourcecode.swift; path = FirstOnboardingViewController.swift; sourceTree = "<group>"; };
		ED050B0E29A0D186008E2961 /* OnboardingFirstReactor.swift */ = {isa = PBXFileReference; lastKnownFileType = sourcecode.swift; path = OnboardingFirstReactor.swift; sourceTree = "<group>"; };
		ED280BCE299D17120089570C /* AuthViewReactor.swift */ = {isa = PBXFileReference; fileEncoding = 4; lastKnownFileType = sourcecode.swift; path = AuthViewReactor.swift; sourceTree = "<group>"; };
		ED3E3D302997F31E00AEBFE5 /* tempInfrastructure.swift */ = {isa = PBXFileReference; lastKnownFileType = sourcecode.swift; path = tempInfrastructure.swift; sourceTree = "<group>"; };
		ED3E3D38299803BD00AEBFE5 /* UIColor+Extension.swift */ = {isa = PBXFileReference; lastKnownFileType = sourcecode.swift; path = "UIColor+Extension.swift"; sourceTree = "<group>"; };
		ED3E3D3B299808C400AEBFE5 /* PretendardVariable.ttf */ = {isa = PBXFileReference; lastKnownFileType = file; path = PretendardVariable.ttf; sourceTree = "<group>"; };
		ED3E3D3D29980B6300AEBFE5 /* Cafe24Ssurround.ttf */ = {isa = PBXFileReference; lastKnownFileType = file; path = Cafe24Ssurround.ttf; sourceTree = "<group>"; };
		ED3E3D43299818AE00AEBFE5 /* UIFont+Extenstion.swift */ = {isa = PBXFileReference; lastKnownFileType = sourcecode.swift; path = "UIFont+Extenstion.swift"; sourceTree = "<group>"; };
		ED3E3D4A2998973A00AEBFE5 /* AgreementViewController.swift */ = {isa = PBXFileReference; lastKnownFileType = sourcecode.swift; path = AgreementViewController.swift; sourceTree = "<group>"; };
		ED3E3D8A2998AF5C00AEBFE5 /* BaseViewController.swift */ = {isa = PBXFileReference; lastKnownFileType = sourcecode.swift; path = BaseViewController.swift; sourceTree = "<group>"; };
		ED3E3D8C2998C11B00AEBFE5 /* AgreementReactor.swift */ = {isa = PBXFileReference; lastKnownFileType = sourcecode.swift; path = AgreementReactor.swift; sourceTree = "<group>"; };
		ED3E3D8E2998C61400AEBFE5 /* Inter.ttf */ = {isa = PBXFileReference; lastKnownFileType = file; path = Inter.ttf; sourceTree = "<group>"; };
		ED451F40299BE9CB000AA855 /* NSNotification+Extension.swift */ = {isa = PBXFileReference; lastKnownFileType = sourcecode.swift; path = "NSNotification+Extension.swift"; sourceTree = "<group>"; };
		ED451F42299BEC72000AA855 /* UserManager.swift */ = {isa = PBXFileReference; lastKnownFileType = sourcecode.swift; path = UserManager.swift; sourceTree = "<group>"; };
		ED4842F2299BB4890055E5AC /* Reactive+Extension.swift */ = {isa = PBXFileReference; lastKnownFileType = sourcecode.swift; path = "Reactive+Extension.swift"; sourceTree = "<group>"; };
		ED4842F4299BC88B0055E5AC /* KakaoAuthService.swift */ = {isa = PBXFileReference; lastKnownFileType = sourcecode.swift; path = KakaoAuthService.swift; sourceTree = "<group>"; };
		ED5F49C329A06F5400693FBA /* OSLog.framework */ = {isa = PBXFileReference; lastKnownFileType = wrapper.framework; name = OSLog.framework; path = System/Library/Frameworks/OSLog.framework; sourceTree = SDKROOT; };
		ED5F49C529A06F8500693FBA /* Log.swift */ = {isa = PBXFileReference; lastKnownFileType = sourcecode.swift; path = Log.swift; sourceTree = "<group>"; };
		EDB7C3F5298FC9C100D60A9E /* FANNI-iOS.app */ = {isa = PBXFileReference; explicitFileType = wrapper.application; includeInIndex = 0; path = "FANNI-iOS.app"; sourceTree = BUILT_PRODUCTS_DIR; };
		EDB7C3F8298FC9C100D60A9E /* AppDelegate.swift */ = {isa = PBXFileReference; lastKnownFileType = sourcecode.swift; path = AppDelegate.swift; sourceTree = "<group>"; };
		EDB7C3FA298FC9C100D60A9E /* SceneDelegate.swift */ = {isa = PBXFileReference; lastKnownFileType = sourcecode.swift; path = SceneDelegate.swift; sourceTree = "<group>"; };
		EDB7C3FC298FC9C100D60A9E /* AuthViewController.swift */ = {isa = PBXFileReference; lastKnownFileType = sourcecode.swift; path = AuthViewController.swift; sourceTree = "<group>"; };
		EDB7C401298FC9C200D60A9E /* Assets.xcassets */ = {isa = PBXFileReference; lastKnownFileType = folder.assetcatalog; path = Assets.xcassets; sourceTree = "<group>"; };
		EDB7C404298FC9C200D60A9E /* Base */ = {isa = PBXFileReference; lastKnownFileType = file.storyboard; name = Base; path = Base.lproj/LaunchScreen.storyboard; sourceTree = "<group>"; };
		EDB7C406298FC9C200D60A9E /* Info.plist */ = {isa = PBXFileReference; lastKnownFileType = text.plist.xml; path = Info.plist; sourceTree = "<group>"; };
		EDB7C40B298FC9C200D60A9E /* FANNI-iOSTests.xctest */ = {isa = PBXFileReference; explicitFileType = wrapper.cfbundle; includeInIndex = 0; path = "FANNI-iOSTests.xctest"; sourceTree = BUILT_PRODUCTS_DIR; };
		EDB7C40F298FC9C200D60A9E /* FANNI_iOSTests.swift */ = {isa = PBXFileReference; lastKnownFileType = sourcecode.swift; path = FANNI_iOSTests.swift; sourceTree = "<group>"; };
		EDB7C415298FC9C200D60A9E /* FANNI-iOSUITests.xctest */ = {isa = PBXFileReference; explicitFileType = wrapper.cfbundle; includeInIndex = 0; path = "FANNI-iOSUITests.xctest"; sourceTree = BUILT_PRODUCTS_DIR; };
		EDB7C419298FC9C200D60A9E /* FANNI_iOSUITests.swift */ = {isa = PBXFileReference; lastKnownFileType = sourcecode.swift; path = FANNI_iOSUITests.swift; sourceTree = "<group>"; };
		EDB7C41B298FC9C200D60A9E /* FANNI_iOSUITestsLaunchTests.swift */ = {isa = PBXFileReference; lastKnownFileType = sourcecode.swift; path = FANNI_iOSUITestsLaunchTests.swift; sourceTree = "<group>"; };
		EDB7C430298FDA0F00D60A9E /* .swiftlint.yml */ = {isa = PBXFileReference; lastKnownFileType = text.yaml; path = .swiftlint.yml; sourceTree = "<group>"; };
/* End PBXFileReference section */

/* Begin PBXFrameworksBuildPhase section */
		EDB7C3F2298FC9C100D60A9E /* Frameworks */ = {
			isa = PBXFrameworksBuildPhase;
			buildActionMask = 2147483647;
			files = (
				ED5F49C429A06F5400693FBA /* OSLog.framework in Frameworks */,
				AC31C3EB8B867AA450BCB6B8 /* Pods_FANNI_iOS.framework in Frameworks */,
			);
			runOnlyForDeploymentPostprocessing = 0;
		};
		EDB7C408298FC9C200D60A9E /* Frameworks */ = {
			isa = PBXFrameworksBuildPhase;
			buildActionMask = 2147483647;
			files = (
				5201E01346E13802D46963FA /* Pods_FANNI_iOSTests.framework in Frameworks */,
			);
			runOnlyForDeploymentPostprocessing = 0;
		};
		EDB7C412298FC9C200D60A9E /* Frameworks */ = {
			isa = PBXFrameworksBuildPhase;
			buildActionMask = 2147483647;
			files = (
				7FAF329169E341BDB541F61A /* Pods_FANNI_iOS_FANNI_iOSUITests.framework in Frameworks */,
			);
			runOnlyForDeploymentPostprocessing = 0;
		};
/* End PBXFrameworksBuildPhase section */

/* Begin PBXGroup section */
		2509A57929921510004953BA /* Domain */ = {
			isa = PBXGroup;
			children = (
				2509A57629921504004953BA /* TempDomain.swift */,
			);
			path = Domain;
			sourceTree = "<group>";
		};
		2509A57A2992151A004953BA /* Data */ = {
			isa = PBXGroup;
			children = (
				ED4842F4299BC88B0055E5AC /* KakaoAuthService.swift */,
				ED451F42299BEC72000AA855 /* UserManager.swift */,
			);
			path = Data;
			sourceTree = "<group>";
		};
		462A28DC88E00DA264879790 /* Frameworks */ = {
			isa = PBXGroup;
			children = (
				ED5F49C329A06F5400693FBA /* OSLog.framework */,
				B9D9235962052B2694D7EAE4 /* Pods_FANNI_iOS.framework */,
				E5C6D2236BB239EA86431BAA /* Pods_FANNI_iOS_FANNI_iOSUITests.framework */,
				1AED4DE771E31000676F197E /* Pods_FANNI_iOSTests.framework */,
			);
			name = Frameworks;
			sourceTree = "<group>";
		};
		EC069C8759A3ED040879BF84 /* Pods */ = {
			isa = PBXGroup;
			children = (
				1383C74EC97E37B022EE6D53 /* Pods-FANNI-iOS.debug.xcconfig */,
				C01F0E1E90526330A260CB27 /* Pods-FANNI-iOS.release.xcconfig */,
				16F6B2F4F9557851417FA24D /* Pods-FANNI-iOS-FANNI-iOSUITests.debug.xcconfig */,
				C82B1C940FE4960C36FA7CBB /* Pods-FANNI-iOS-FANNI-iOSUITests.release.xcconfig */,
				30F5EAFECD49C961B31E43CA /* Pods-FANNI-iOSTests.debug.xcconfig */,
				DACD483FBA15B2469A5E958F /* Pods-FANNI-iOSTests.release.xcconfig */,
			);
			path = Pods;
			sourceTree = "<group>";
		};
		ED050B0929A0CF2F008E2961 /* FirstOnboarding */ = {
			isa = PBXGroup;
			children = (
				ED050B0A29A0CF5C008E2961 /* View */,
				ED050B0B29A0CF60008E2961 /* Reactor */,
			);
			path = FirstOnboarding;
			sourceTree = "<group>";
		};
		ED050B0A29A0CF5C008E2961 /* View */ = {
			isa = PBXGroup;
			children = (
				ED050B0C29A0CFAE008E2961 /* FirstOnboardingViewController.swift */,
			);
			path = View;
			sourceTree = "<group>";
		};
		ED050B0B29A0CF60008E2961 /* Reactor */ = {
			isa = PBXGroup;
			children = (
				ED050B0E29A0D186008E2961 /* OnboardingFirstReactor.swift */,
			);
			path = Reactor;
			sourceTree = "<group>";
		};
		ED3E3D2F2997F30900AEBFE5 /* Infrastructure */ = {
			isa = PBXGroup;
			children = (
				ED3E3D302997F31E00AEBFE5 /* tempInfrastructure.swift */,
			);
			path = Infrastructure;
			sourceTree = "<group>";
		};
		ED3E3D322997F85800AEBFE5 /* Reactor */ = {
			isa = PBXGroup;
			children = (
				ED280BCE299D17120089570C /* AuthViewReactor.swift */,
			);
			path = Reactor;
			sourceTree = "<group>";
		};
		ED3E3D332997F85B00AEBFE5 /* Auth */ = {
			isa = PBXGroup;
			children = (
				ED3E3D352997F86F00AEBFE5 /* View */,
				ED3E3D322997F85800AEBFE5 /* Reactor */,
			);
			path = Auth;
			sourceTree = "<group>";
		};
		ED3E3D342997F85E00AEBFE5 /* AuthScene */ = {
			isa = PBXGroup;
			children = (
				ED3E3D332997F85B00AEBFE5 /* Auth */,
				ED3E3D47299896E200AEBFE5 /* Agreement */,
				ED050B0929A0CF2F008E2961 /* FirstOnboarding */,
			);
			path = AuthScene;
			sourceTree = "<group>";
		};
		ED3E3D352997F86F00AEBFE5 /* View */ = {
			isa = PBXGroup;
			children = (
				EDB7C3FC298FC9C100D60A9E /* AuthViewController.swift */,
			);
			path = View;
			sourceTree = "<group>";
		};
		ED3E3D362998037B00AEBFE5 /* Utils */ = {
			isa = PBXGroup;
			children = (
				ED5F49C529A06F8500693FBA /* Log.swift */,
				ED3E3D3A2998089900AEBFE5 /* Fonts */,
				ED3E3D372998039C00AEBFE5 /* Extensions */,
			);
			path = Utils;
			sourceTree = "<group>";
		};
		ED3E3D372998039C00AEBFE5 /* Extensions */ = {
			isa = PBXGroup;
			children = (
				ED3E3D38299803BD00AEBFE5 /* UIColor+Extension.swift */,
				ED3E3D43299818AE00AEBFE5 /* UIFont+Extenstion.swift */,
				ED4842F2299BB4890055E5AC /* Reactive+Extension.swift */,
				ED451F40299BE9CB000AA855 /* NSNotification+Extension.swift */,
			);
			path = Extensions;
			sourceTree = "<group>";
		};
		ED3E3D3A2998089900AEBFE5 /* Fonts */ = {
			isa = PBXGroup;
			children = (
				ED3E3D8E2998C61400AEBFE5 /* Inter.ttf */,
				ED3E3D3B299808C400AEBFE5 /* PretendardVariable.ttf */,
				ED3E3D3D29980B6300AEBFE5 /* Cafe24Ssurround.ttf */,
			);
			path = Fonts;
			sourceTree = "<group>";
		};
		ED3E3D47299896E200AEBFE5 /* Agreement */ = {
			isa = PBXGroup;
			children = (
				ED3E3D492998972600AEBFE5 /* View */,
				ED3E3D482998972400AEBFE5 /* Reactor */,
			);
			path = Agreement;
			sourceTree = "<group>";
		};
		ED3E3D482998972400AEBFE5 /* Reactor */ = {
			isa = PBXGroup;
			children = (
				ED3E3D8C2998C11B00AEBFE5 /* AgreementReactor.swift */,
			);
			path = Reactor;
			sourceTree = "<group>";
		};
		ED3E3D492998972600AEBFE5 /* View */ = {
			isa = PBXGroup;
			children = (
				ED3E3D4A2998973A00AEBFE5 /* AgreementViewController.swift */,
			);
			path = View;
			sourceTree = "<group>";
		};
		EDB7C3EC298FC9C100D60A9E = {
			isa = PBXGroup;
			children = (
				EDB7C430298FDA0F00D60A9E /* .swiftlint.yml */,
				EDB7C3F7298FC9C100D60A9E /* FANNI-iOS */,
				EDB7C40E298FC9C200D60A9E /* FANNI-iOSTests */,
				EDB7C418298FC9C200D60A9E /* FANNI-iOSUITests */,
				EDB7C3F6298FC9C100D60A9E /* Products */,
				EC069C8759A3ED040879BF84 /* Pods */,
				462A28DC88E00DA264879790 /* Frameworks */,
			);
			sourceTree = "<group>";
		};
		EDB7C3F6298FC9C100D60A9E /* Products */ = {
			isa = PBXGroup;
			children = (
				EDB7C3F5298FC9C100D60A9E /* FANNI-iOS.app */,
				EDB7C40B298FC9C200D60A9E /* FANNI-iOSTests.xctest */,
				EDB7C415298FC9C200D60A9E /* FANNI-iOSUITests.xctest */,
			);
			name = Products;
			sourceTree = "<group>";
		};
		EDB7C3F7298FC9C100D60A9E /* FANNI-iOS */ = {
			isa = PBXGroup;
			children = (
				EDB7C428298FCB0D00D60A9E /* Application */,
				EDB7C429298FCB2300D60A9E /* Presentation */,
				2509A57929921510004953BA /* Domain */,
				EDB7C42D298FCB7300D60A9E /* Common */,
				2509A57A2992151A004953BA /* Data */,
				ED3E3D2F2997F30900AEBFE5 /* Infrastructure */,
				EDB7C42E298FCB8000D60A9E /* Resources */,
			);
			path = "FANNI-iOS";
			sourceTree = "<group>";
		};
		EDB7C40E298FC9C200D60A9E /* FANNI-iOSTests */ = {
			isa = PBXGroup;
			children = (
				EDB7C40F298FC9C200D60A9E /* FANNI_iOSTests.swift */,
			);
			path = "FANNI-iOSTests";
			sourceTree = "<group>";
		};
		EDB7C418298FC9C200D60A9E /* FANNI-iOSUITests */ = {
			isa = PBXGroup;
			children = (
				EDB7C419298FC9C200D60A9E /* FANNI_iOSUITests.swift */,
				EDB7C41B298FC9C200D60A9E /* FANNI_iOSUITestsLaunchTests.swift */,
			);
			path = "FANNI-iOSUITests";
			sourceTree = "<group>";
		};
		EDB7C428298FCB0D00D60A9E /* Application */ = {
			isa = PBXGroup;
			children = (
				EDB7C3F8298FC9C100D60A9E /* AppDelegate.swift */,
				EDB7C3FA298FC9C100D60A9E /* SceneDelegate.swift */,
			);
			path = Application;
			sourceTree = "<group>";
		};
		EDB7C429298FCB2300D60A9E /* Presentation */ = {
			isa = PBXGroup;
			children = (
				ED3E3D8A2998AF5C00AEBFE5 /* BaseViewController.swift */,
				ED3E3D342997F85E00AEBFE5 /* AuthScene */,
				ED3E3D362998037B00AEBFE5 /* Utils */,
			);
			path = Presentation;
			sourceTree = "<group>";
		};
		EDB7C42D298FCB7300D60A9E /* Common */ = {
			isa = PBXGroup;
			children = (
				2509A58029921596004953BA /* TempCommon.swift */,
			);
			path = Common;
			sourceTree = "<group>";
		};
		EDB7C42E298FCB8000D60A9E /* Resources */ = {
			isa = PBXGroup;
			children = (
				EDB7C403298FC9C200D60A9E /* LaunchScreen.storyboard */,
				EDB7C401298FC9C200D60A9E /* Assets.xcassets */,
				EDB7C406298FC9C200D60A9E /* Info.plist */,
			);
			path = Resources;
			sourceTree = "<group>";
		};
/* End PBXGroup section */

/* Begin PBXNativeTarget section */
		EDB7C3F4298FC9C100D60A9E /* FANNI-iOS */ = {
			isa = PBXNativeTarget;
			buildConfigurationList = EDB7C41F298FC9C200D60A9E /* Build configuration list for PBXNativeTarget "FANNI-iOS" */;
			buildPhases = (
				CA3386ABA2C7C0E823D12022 /* [CP] Check Pods Manifest.lock */,
				EDB7C42F298FD87F00D60A9E /* SwiftLint Script */,
				EDB7C3F1298FC9C100D60A9E /* Sources */,
				EDB7C3F2298FC9C100D60A9E /* Frameworks */,
				EDB7C3F3298FC9C100D60A9E /* Resources */,
				391DD5755D8BEA3DEBE895B3 /* [CP] Embed Pods Frameworks */,
			);
			buildRules = (
			);
			dependencies = (
			);
			name = "FANNI-iOS";
			productName = "FANNI-iOS";
			productReference = EDB7C3F5298FC9C100D60A9E /* FANNI-iOS.app */;
			productType = "com.apple.product-type.application";
		};
		EDB7C40A298FC9C200D60A9E /* FANNI-iOSTests */ = {
			isa = PBXNativeTarget;
			buildConfigurationList = EDB7C422298FC9C200D60A9E /* Build configuration list for PBXNativeTarget "FANNI-iOSTests" */;
			buildPhases = (
				03DDF754D65C900A7F8D43D7 /* [CP] Check Pods Manifest.lock */,
				EDB7C407298FC9C200D60A9E /* Sources */,
				EDB7C408298FC9C200D60A9E /* Frameworks */,
				EDB7C409298FC9C200D60A9E /* Resources */,
			);
			buildRules = (
			);
			dependencies = (
				EDB7C40D298FC9C200D60A9E /* PBXTargetDependency */,
			);
			name = "FANNI-iOSTests";
			productName = "FANNI-iOSTests";
			productReference = EDB7C40B298FC9C200D60A9E /* FANNI-iOSTests.xctest */;
			productType = "com.apple.product-type.bundle.unit-test";
		};
		EDB7C414298FC9C200D60A9E /* FANNI-iOSUITests */ = {
			isa = PBXNativeTarget;
			buildConfigurationList = EDB7C425298FC9C200D60A9E /* Build configuration list for PBXNativeTarget "FANNI-iOSUITests" */;
			buildPhases = (
				4ECB28ABCC32842A53727BAA /* [CP] Check Pods Manifest.lock */,
				EDB7C411298FC9C200D60A9E /* Sources */,
				EDB7C412298FC9C200D60A9E /* Frameworks */,
				EDB7C413298FC9C200D60A9E /* Resources */,
				BF1BBD48762283325B32860C /* [CP] Embed Pods Frameworks */,
			);
			buildRules = (
			);
			dependencies = (
				EDB7C417298FC9C200D60A9E /* PBXTargetDependency */,
			);
			name = "FANNI-iOSUITests";
			productName = "FANNI-iOSUITests";
			productReference = EDB7C415298FC9C200D60A9E /* FANNI-iOSUITests.xctest */;
			productType = "com.apple.product-type.bundle.ui-testing";
		};
/* End PBXNativeTarget section */

/* Begin PBXProject section */
		EDB7C3ED298FC9C100D60A9E /* Project object */ = {
			isa = PBXProject;
			attributes = {
				BuildIndependentTargetsInParallel = 1;
				LastSwiftUpdateCheck = 1420;
				LastUpgradeCheck = 1420;
				TargetAttributes = {
					EDB7C3F4298FC9C100D60A9E = {
						CreatedOnToolsVersion = 14.2;
					};
					EDB7C40A298FC9C200D60A9E = {
						CreatedOnToolsVersion = 14.2;
						TestTargetID = EDB7C3F4298FC9C100D60A9E;
					};
					EDB7C414298FC9C200D60A9E = {
						CreatedOnToolsVersion = 14.2;
						TestTargetID = EDB7C3F4298FC9C100D60A9E;
					};
				};
			};
			buildConfigurationList = EDB7C3F0298FC9C100D60A9E /* Build configuration list for PBXProject "FANNI-iOS" */;
			compatibilityVersion = "Xcode 14.0";
			developmentRegion = en;
			hasScannedForEncodings = 0;
			knownRegions = (
				en,
				Base,
			);
			mainGroup = EDB7C3EC298FC9C100D60A9E;
			productRefGroup = EDB7C3F6298FC9C100D60A9E /* Products */;
			projectDirPath = "";
			projectRoot = "";
			targets = (
				EDB7C3F4298FC9C100D60A9E /* FANNI-iOS */,
				EDB7C40A298FC9C200D60A9E /* FANNI-iOSTests */,
				EDB7C414298FC9C200D60A9E /* FANNI-iOSUITests */,
			);
		};
/* End PBXProject section */

/* Begin PBXResourcesBuildPhase section */
		EDB7C3F3298FC9C100D60A9E /* Resources */ = {
			isa = PBXResourcesBuildPhase;
			buildActionMask = 2147483647;
			files = (
				EDB7C431298FDA0F00D60A9E /* .swiftlint.yml in Resources */,
				ED3E3D3C299808C400AEBFE5 /* PretendardVariable.ttf in Resources */,
				EDB7C405298FC9C200D60A9E /* LaunchScreen.storyboard in Resources */,
				ED3E3D8F2998C61400AEBFE5 /* Inter.ttf in Resources */,
				ED3E3D3E29980B6300AEBFE5 /* Cafe24Ssurround.ttf in Resources */,
				EDB7C402298FC9C200D60A9E /* Assets.xcassets in Resources */,
			);
			runOnlyForDeploymentPostprocessing = 0;
		};
		EDB7C409298FC9C200D60A9E /* Resources */ = {
			isa = PBXResourcesBuildPhase;
			buildActionMask = 2147483647;
			files = (
			);
			runOnlyForDeploymentPostprocessing = 0;
		};
		EDB7C413298FC9C200D60A9E /* Resources */ = {
			isa = PBXResourcesBuildPhase;
			buildActionMask = 2147483647;
			files = (
			);
			runOnlyForDeploymentPostprocessing = 0;
		};
/* End PBXResourcesBuildPhase section */

/* Begin PBXShellScriptBuildPhase section */
		03DDF754D65C900A7F8D43D7 /* [CP] Check Pods Manifest.lock */ = {
			isa = PBXShellScriptBuildPhase;
			buildActionMask = 2147483647;
			files = (
			);
			inputFileListPaths = (
			);
			inputPaths = (
				"${PODS_PODFILE_DIR_PATH}/Podfile.lock",
				"${PODS_ROOT}/Manifest.lock",
			);
			name = "[CP] Check Pods Manifest.lock";
			outputFileListPaths = (
			);
			outputPaths = (
				"$(DERIVED_FILE_DIR)/Pods-FANNI-iOSTests-checkManifestLockResult.txt",
			);
			runOnlyForDeploymentPostprocessing = 0;
			shellPath = /bin/sh;
			shellScript = "diff \"${PODS_PODFILE_DIR_PATH}/Podfile.lock\" \"${PODS_ROOT}/Manifest.lock\" > /dev/null\nif [ $? != 0 ] ; then\n    # print error to STDERR\n    echo \"error: The sandbox is not in sync with the Podfile.lock. Run 'pod install' or update your CocoaPods installation.\" >&2\n    exit 1\nfi\n# This output is used by Xcode 'outputs' to avoid re-running this script phase.\necho \"SUCCESS\" > \"${SCRIPT_OUTPUT_FILE_0}\"\n";
			showEnvVarsInLog = 0;
		};
		391DD5755D8BEA3DEBE895B3 /* [CP] Embed Pods Frameworks */ = {
			isa = PBXShellScriptBuildPhase;
			buildActionMask = 2147483647;
			files = (
			);
			inputFileListPaths = (
				"${PODS_ROOT}/Target Support Files/Pods-FANNI-iOS/Pods-FANNI-iOS-frameworks-${CONFIGURATION}-input-files.xcfilelist",
			);
			name = "[CP] Embed Pods Frameworks";
			outputFileListPaths = (
				"${PODS_ROOT}/Target Support Files/Pods-FANNI-iOS/Pods-FANNI-iOS-frameworks-${CONFIGURATION}-output-files.xcfilelist",
			);
			runOnlyForDeploymentPostprocessing = 0;
			shellPath = /bin/sh;
			shellScript = "\"${PODS_ROOT}/Target Support Files/Pods-FANNI-iOS/Pods-FANNI-iOS-frameworks.sh\"\n";
			showEnvVarsInLog = 0;
		};
		4ECB28ABCC32842A53727BAA /* [CP] Check Pods Manifest.lock */ = {
			isa = PBXShellScriptBuildPhase;
			buildActionMask = 2147483647;
			files = (
			);
			inputFileListPaths = (
			);
			inputPaths = (
				"${PODS_PODFILE_DIR_PATH}/Podfile.lock",
				"${PODS_ROOT}/Manifest.lock",
			);
			name = "[CP] Check Pods Manifest.lock";
			outputFileListPaths = (
			);
			outputPaths = (
				"$(DERIVED_FILE_DIR)/Pods-FANNI-iOS-FANNI-iOSUITests-checkManifestLockResult.txt",
			);
			runOnlyForDeploymentPostprocessing = 0;
			shellPath = /bin/sh;
			shellScript = "diff \"${PODS_PODFILE_DIR_PATH}/Podfile.lock\" \"${PODS_ROOT}/Manifest.lock\" > /dev/null\nif [ $? != 0 ] ; then\n    # print error to STDERR\n    echo \"error: The sandbox is not in sync with the Podfile.lock. Run 'pod install' or update your CocoaPods installation.\" >&2\n    exit 1\nfi\n# This output is used by Xcode 'outputs' to avoid re-running this script phase.\necho \"SUCCESS\" > \"${SCRIPT_OUTPUT_FILE_0}\"\n";
			showEnvVarsInLog = 0;
		};
		BF1BBD48762283325B32860C /* [CP] Embed Pods Frameworks */ = {
			isa = PBXShellScriptBuildPhase;
			buildActionMask = 2147483647;
			files = (
			);
			inputFileListPaths = (
				"${PODS_ROOT}/Target Support Files/Pods-FANNI-iOS-FANNI-iOSUITests/Pods-FANNI-iOS-FANNI-iOSUITests-frameworks-${CONFIGURATION}-input-files.xcfilelist",
			);
			name = "[CP] Embed Pods Frameworks";
			outputFileListPaths = (
				"${PODS_ROOT}/Target Support Files/Pods-FANNI-iOS-FANNI-iOSUITests/Pods-FANNI-iOS-FANNI-iOSUITests-frameworks-${CONFIGURATION}-output-files.xcfilelist",
			);
			runOnlyForDeploymentPostprocessing = 0;
			shellPath = /bin/sh;
			shellScript = "\"${PODS_ROOT}/Target Support Files/Pods-FANNI-iOS-FANNI-iOSUITests/Pods-FANNI-iOS-FANNI-iOSUITests-frameworks.sh\"\n";
			showEnvVarsInLog = 0;
		};
		CA3386ABA2C7C0E823D12022 /* [CP] Check Pods Manifest.lock */ = {
			isa = PBXShellScriptBuildPhase;
			buildActionMask = 2147483647;
			files = (
			);
			inputFileListPaths = (
			);
			inputPaths = (
				"${PODS_PODFILE_DIR_PATH}/Podfile.lock",
				"${PODS_ROOT}/Manifest.lock",
			);
			name = "[CP] Check Pods Manifest.lock";
			outputFileListPaths = (
			);
			outputPaths = (
				"$(DERIVED_FILE_DIR)/Pods-FANNI-iOS-checkManifestLockResult.txt",
			);
			runOnlyForDeploymentPostprocessing = 0;
			shellPath = /bin/sh;
			shellScript = "diff \"${PODS_PODFILE_DIR_PATH}/Podfile.lock\" \"${PODS_ROOT}/Manifest.lock\" > /dev/null\nif [ $? != 0 ] ; then\n    # print error to STDERR\n    echo \"error: The sandbox is not in sync with the Podfile.lock. Run 'pod install' or update your CocoaPods installation.\" >&2\n    exit 1\nfi\n# This output is used by Xcode 'outputs' to avoid re-running this script phase.\necho \"SUCCESS\" > \"${SCRIPT_OUTPUT_FILE_0}\"\n";
			showEnvVarsInLog = 0;
		};
		EDB7C42F298FD87F00D60A9E /* SwiftLint Script */ = {
			isa = PBXShellScriptBuildPhase;
			alwaysOutOfDate = 1;
			buildActionMask = 2147483647;
			files = (
			);
			inputFileListPaths = (
			);
			inputPaths = (
			);
			name = "SwiftLint Script";
			outputFileListPaths = (
			);
			outputPaths = (
			);
			runOnlyForDeploymentPostprocessing = 0;
			shellPath = /bin/sh;
			shellScript = "${PODS_ROOT}/SwiftLint/swiftlint\n\n";
		};
/* End PBXShellScriptBuildPhase section */

/* Begin PBXSourcesBuildPhase section */
		EDB7C3F1298FC9C100D60A9E /* Sources */ = {
			isa = PBXSourcesBuildPhase;
			buildActionMask = 2147483647;
			files = (
				2509A58129921596004953BA /* TempCommon.swift in Sources */,
				ED3E3D8D2998C11B00AEBFE5 /* AgreementReactor.swift in Sources */,
				ED050B0D29A0CFAE008E2961 /* FirstOnboardingViewController.swift in Sources */,
				EDB7C3FD298FC9C100D60A9E /* AuthViewController.swift in Sources */,
				EDB7C3F9298FC9C100D60A9E /* AppDelegate.swift in Sources */,
				ED050B0F29A0D186008E2961 /* OnboardingFirstReactor.swift in Sources */,
				ED3E3D4B2998973A00AEBFE5 /* AgreementViewController.swift in Sources */,
				ED5F49C629A06F8500693FBA /* Log.swift in Sources */,
				ED4842F5299BC88B0055E5AC /* KakaoAuthService.swift in Sources */,
				ED451F43299BEC72000AA855 /* UserManager.swift in Sources */,
				EDB7C3FB298FC9C100D60A9E /* SceneDelegate.swift in Sources */,
				ED3E3D8B2998AF5C00AEBFE5 /* BaseViewController.swift in Sources */,
				2509A57729921504004953BA /* TempDomain.swift in Sources */,
				ED4842F3299BB4890055E5AC /* Reactive+Extension.swift in Sources */,
				ED3E3D312997F31E00AEBFE5 /* tempInfrastructure.swift in Sources */,
				ED3E3D44299818AE00AEBFE5 /* UIFont+Extenstion.swift in Sources */,
				ED3E3D39299803BD00AEBFE5 /* UIColor+Extension.swift in Sources */,
				ED280BCF299D17120089570C /* AuthViewReactor.swift in Sources */,
				ED451F41299BE9CB000AA855 /* NSNotification+Extension.swift in Sources */,
			);
			runOnlyForDeploymentPostprocessing = 0;
		};
		EDB7C407298FC9C200D60A9E /* Sources */ = {
			isa = PBXSourcesBuildPhase;
			buildActionMask = 2147483647;
			files = (
				EDB7C410298FC9C200D60A9E /* FANNI_iOSTests.swift in Sources */,
			);
			runOnlyForDeploymentPostprocessing = 0;
		};
		EDB7C411298FC9C200D60A9E /* Sources */ = {
			isa = PBXSourcesBuildPhase;
			buildActionMask = 2147483647;
			files = (
				EDB7C41A298FC9C200D60A9E /* FANNI_iOSUITests.swift in Sources */,
				EDB7C41C298FC9C200D60A9E /* FANNI_iOSUITestsLaunchTests.swift in Sources */,
			);
			runOnlyForDeploymentPostprocessing = 0;
		};
/* End PBXSourcesBuildPhase section */

/* Begin PBXTargetDependency section */
		EDB7C40D298FC9C200D60A9E /* PBXTargetDependency */ = {
			isa = PBXTargetDependency;
			target = EDB7C3F4298FC9C100D60A9E /* FANNI-iOS */;
			targetProxy = EDB7C40C298FC9C200D60A9E /* PBXContainerItemProxy */;
		};
		EDB7C417298FC9C200D60A9E /* PBXTargetDependency */ = {
			isa = PBXTargetDependency;
			target = EDB7C3F4298FC9C100D60A9E /* FANNI-iOS */;
			targetProxy = EDB7C416298FC9C200D60A9E /* PBXContainerItemProxy */;
		};
/* End PBXTargetDependency section */

/* Begin PBXVariantGroup section */
		EDB7C403298FC9C200D60A9E /* LaunchScreen.storyboard */ = {
			isa = PBXVariantGroup;
			children = (
				EDB7C404298FC9C200D60A9E /* Base */,
			);
			name = LaunchScreen.storyboard;
			sourceTree = "<group>";
		};
/* End PBXVariantGroup section */

/* Begin XCBuildConfiguration section */
		EDB7C41D298FC9C200D60A9E /* Debug */ = {
			isa = XCBuildConfiguration;
			buildSettings = {
				ALWAYS_SEARCH_USER_PATHS = NO;
				CLANG_ANALYZER_NONNULL = YES;
				CLANG_ANALYZER_NUMBER_OBJECT_CONVERSION = YES_AGGRESSIVE;
				CLANG_CXX_LANGUAGE_STANDARD = "gnu++20";
				CLANG_ENABLE_MODULES = YES;
				CLANG_ENABLE_OBJC_ARC = YES;
				CLANG_ENABLE_OBJC_WEAK = YES;
				CLANG_WARN_BLOCK_CAPTURE_AUTORELEASING = YES;
				CLANG_WARN_BOOL_CONVERSION = YES;
				CLANG_WARN_COMMA = YES;
				CLANG_WARN_CONSTANT_CONVERSION = YES;
				CLANG_WARN_DEPRECATED_OBJC_IMPLEMENTATIONS = YES;
				CLANG_WARN_DIRECT_OBJC_ISA_USAGE = YES_ERROR;
				CLANG_WARN_DOCUMENTATION_COMMENTS = YES;
				CLANG_WARN_EMPTY_BODY = YES;
				CLANG_WARN_ENUM_CONVERSION = YES;
				CLANG_WARN_INFINITE_RECURSION = YES;
				CLANG_WARN_INT_CONVERSION = YES;
				CLANG_WARN_NON_LITERAL_NULL_CONVERSION = YES;
				CLANG_WARN_OBJC_IMPLICIT_RETAIN_SELF = YES;
				CLANG_WARN_OBJC_LITERAL_CONVERSION = YES;
				CLANG_WARN_OBJC_ROOT_CLASS = YES_ERROR;
				CLANG_WARN_QUOTED_INCLUDE_IN_FRAMEWORK_HEADER = YES;
				CLANG_WARN_RANGE_LOOP_ANALYSIS = YES;
				CLANG_WARN_STRICT_PROTOTYPES = YES;
				CLANG_WARN_SUSPICIOUS_MOVE = YES;
				CLANG_WARN_UNGUARDED_AVAILABILITY = YES_AGGRESSIVE;
				CLANG_WARN_UNREACHABLE_CODE = YES;
				CLANG_WARN__DUPLICATE_METHOD_MATCH = YES;
				COPY_PHASE_STRIP = NO;
				DEBUG_INFORMATION_FORMAT = dwarf;
				ENABLE_STRICT_OBJC_MSGSEND = YES;
				ENABLE_TESTABILITY = YES;
				GCC_C_LANGUAGE_STANDARD = gnu11;
				GCC_DYNAMIC_NO_PIC = NO;
				GCC_NO_COMMON_BLOCKS = YES;
				GCC_OPTIMIZATION_LEVEL = 0;
				GCC_PREPROCESSOR_DEFINITIONS = (
					"DEBUG=1",
					"$(inherited)",
				);
				GCC_WARN_64_TO_32_BIT_CONVERSION = YES;
				GCC_WARN_ABOUT_RETURN_TYPE = YES_ERROR;
				GCC_WARN_UNDECLARED_SELECTOR = YES;
				GCC_WARN_UNINITIALIZED_AUTOS = YES_AGGRESSIVE;
				GCC_WARN_UNUSED_FUNCTION = YES;
				GCC_WARN_UNUSED_VARIABLE = YES;
				IPHONEOS_DEPLOYMENT_TARGET = 14.0;
				MTL_ENABLE_DEBUG_INFO = INCLUDE_SOURCE;
				MTL_FAST_MATH = YES;
				ONLY_ACTIVE_ARCH = YES;
				SDKROOT = iphoneos;
				SWIFT_ACTIVE_COMPILATION_CONDITIONS = DEBUG;
				SWIFT_OPTIMIZATION_LEVEL = "-Onone";
			};
			name = Debug;
		};
		EDB7C41E298FC9C200D60A9E /* Release */ = {
			isa = XCBuildConfiguration;
			buildSettings = {
				ALWAYS_SEARCH_USER_PATHS = NO;
				CLANG_ANALYZER_NONNULL = YES;
				CLANG_ANALYZER_NUMBER_OBJECT_CONVERSION = YES_AGGRESSIVE;
				CLANG_CXX_LANGUAGE_STANDARD = "gnu++20";
				CLANG_ENABLE_MODULES = YES;
				CLANG_ENABLE_OBJC_ARC = YES;
				CLANG_ENABLE_OBJC_WEAK = YES;
				CLANG_WARN_BLOCK_CAPTURE_AUTORELEASING = YES;
				CLANG_WARN_BOOL_CONVERSION = YES;
				CLANG_WARN_COMMA = YES;
				CLANG_WARN_CONSTANT_CONVERSION = YES;
				CLANG_WARN_DEPRECATED_OBJC_IMPLEMENTATIONS = YES;
				CLANG_WARN_DIRECT_OBJC_ISA_USAGE = YES_ERROR;
				CLANG_WARN_DOCUMENTATION_COMMENTS = YES;
				CLANG_WARN_EMPTY_BODY = YES;
				CLANG_WARN_ENUM_CONVERSION = YES;
				CLANG_WARN_INFINITE_RECURSION = YES;
				CLANG_WARN_INT_CONVERSION = YES;
				CLANG_WARN_NON_LITERAL_NULL_CONVERSION = YES;
				CLANG_WARN_OBJC_IMPLICIT_RETAIN_SELF = YES;
				CLANG_WARN_OBJC_LITERAL_CONVERSION = YES;
				CLANG_WARN_OBJC_ROOT_CLASS = YES_ERROR;
				CLANG_WARN_QUOTED_INCLUDE_IN_FRAMEWORK_HEADER = YES;
				CLANG_WARN_RANGE_LOOP_ANALYSIS = YES;
				CLANG_WARN_STRICT_PROTOTYPES = YES;
				CLANG_WARN_SUSPICIOUS_MOVE = YES;
				CLANG_WARN_UNGUARDED_AVAILABILITY = YES_AGGRESSIVE;
				CLANG_WARN_UNREACHABLE_CODE = YES;
				CLANG_WARN__DUPLICATE_METHOD_MATCH = YES;
				COPY_PHASE_STRIP = NO;
				DEBUG_INFORMATION_FORMAT = "dwarf-with-dsym";
				ENABLE_NS_ASSERTIONS = NO;
				ENABLE_STRICT_OBJC_MSGSEND = YES;
				GCC_C_LANGUAGE_STANDARD = gnu11;
				GCC_NO_COMMON_BLOCKS = YES;
				GCC_WARN_64_TO_32_BIT_CONVERSION = YES;
				GCC_WARN_ABOUT_RETURN_TYPE = YES_ERROR;
				GCC_WARN_UNDECLARED_SELECTOR = YES;
				GCC_WARN_UNINITIALIZED_AUTOS = YES_AGGRESSIVE;
				GCC_WARN_UNUSED_FUNCTION = YES;
				GCC_WARN_UNUSED_VARIABLE = YES;
				IPHONEOS_DEPLOYMENT_TARGET = 14.0;
				MTL_ENABLE_DEBUG_INFO = NO;
				MTL_FAST_MATH = YES;
				SDKROOT = iphoneos;
				SWIFT_COMPILATION_MODE = wholemodule;
				SWIFT_OPTIMIZATION_LEVEL = "-O";
				VALIDATE_PRODUCT = YES;
			};
			name = Release;
		};
		EDB7C420298FC9C200D60A9E /* Debug */ = {
			isa = XCBuildConfiguration;
			baseConfigurationReference = 1383C74EC97E37B022EE6D53 /* Pods-FANNI-iOS.debug.xcconfig */;
			buildSettings = {
				ASSETCATALOG_COMPILER_APPICON_NAME = AppIcon;
				ASSETCATALOG_COMPILER_GLOBAL_ACCENT_COLOR_NAME = AccentColor;
				CODE_SIGN_STYLE = Automatic;
				CURRENT_PROJECT_VERSION = 1;
				DEVELOPMENT_TEAM = 82J7RU93V4;
				GENERATE_INFOPLIST_FILE = YES;
				INFOPLIST_FILE = "FANNI-iOS/Resources/Info.plist";
				INFOPLIST_KEY_UIApplicationSupportsIndirectInputEvents = YES;
				INFOPLIST_KEY_UILaunchStoryboardName = LaunchScreen;
				INFOPLIST_KEY_UISupportedInterfaceOrientations = UIInterfaceOrientationPortrait;
				IPHONEOS_DEPLOYMENT_TARGET = 14.0;
				LD_RUNPATH_SEARCH_PATHS = (
					"$(inherited)",
					"@executable_path/Frameworks",
				);
				MARKETING_VERSION = 1.0;
				PRODUCT_BUNDLE_IDENTIFIER = app.life.fanni;
				PRODUCT_NAME = "$(TARGET_NAME)";
				SWIFT_EMIT_LOC_STRINGS = YES;
				SWIFT_VERSION = 5.0;
				TARGETED_DEVICE_FAMILY = "1,2";
			};
			name = Debug;
		};
		EDB7C421298FC9C200D60A9E /* Release */ = {
			isa = XCBuildConfiguration;
			baseConfigurationReference = C01F0E1E90526330A260CB27 /* Pods-FANNI-iOS.release.xcconfig */;
			buildSettings = {
				ASSETCATALOG_COMPILER_APPICON_NAME = AppIcon;
				ASSETCATALOG_COMPILER_GLOBAL_ACCENT_COLOR_NAME = AccentColor;
				CODE_SIGN_STYLE = Automatic;
				CURRENT_PROJECT_VERSION = 1;
				DEVELOPMENT_TEAM = 82J7RU93V4;
				GENERATE_INFOPLIST_FILE = YES;
				INFOPLIST_FILE = "FANNI-iOS/Resources/Info.plist";
				INFOPLIST_KEY_UIApplicationSupportsIndirectInputEvents = YES;
				INFOPLIST_KEY_UILaunchStoryboardName = LaunchScreen;
				INFOPLIST_KEY_UISupportedInterfaceOrientations = UIInterfaceOrientationPortrait;
				IPHONEOS_DEPLOYMENT_TARGET = 14.0;
				LD_RUNPATH_SEARCH_PATHS = (
					"$(inherited)",
					"@executable_path/Frameworks",
				);
				MARKETING_VERSION = 1.0;
				PRODUCT_BUNDLE_IDENTIFIER = app.life.fanni;
				PRODUCT_NAME = "$(TARGET_NAME)";
				SWIFT_EMIT_LOC_STRINGS = YES;
				SWIFT_VERSION = 5.0;
				TARGETED_DEVICE_FAMILY = "1,2";
			};
			name = Release;
		};
		EDB7C423298FC9C200D60A9E /* Debug */ = {
			isa = XCBuildConfiguration;
			baseConfigurationReference = 30F5EAFECD49C961B31E43CA /* Pods-FANNI-iOSTests.debug.xcconfig */;
			buildSettings = {
				ALWAYS_EMBED_SWIFT_STANDARD_LIBRARIES = YES;
				BUNDLE_LOADER = "$(TEST_HOST)";
				CODE_SIGN_STYLE = Automatic;
				CURRENT_PROJECT_VERSION = 1;
				DEVELOPMENT_TEAM = 82J7RU93V4;
				GENERATE_INFOPLIST_FILE = YES;
				IPHONEOS_DEPLOYMENT_TARGET = 14.0;
				MARKETING_VERSION = 1.0;
				PRODUCT_BUNDLE_IDENTIFIER = "com.JongHoon.FANNI-iOSTests";
				PRODUCT_NAME = "$(TARGET_NAME)";
				SWIFT_EMIT_LOC_STRINGS = NO;
				SWIFT_VERSION = 5.0;
				TARGETED_DEVICE_FAMILY = "1,2";
				TEST_HOST = "$(BUILT_PRODUCTS_DIR)/FANNI-iOS.app/$(BUNDLE_EXECUTABLE_FOLDER_PATH)/FANNI-iOS";
			};
			name = Debug;
		};
		EDB7C424298FC9C200D60A9E /* Release */ = {
			isa = XCBuildConfiguration;
			baseConfigurationReference = DACD483FBA15B2469A5E958F /* Pods-FANNI-iOSTests.release.xcconfig */;
			buildSettings = {
				ALWAYS_EMBED_SWIFT_STANDARD_LIBRARIES = YES;
				BUNDLE_LOADER = "$(TEST_HOST)";
				CODE_SIGN_STYLE = Automatic;
				CURRENT_PROJECT_VERSION = 1;
				DEVELOPMENT_TEAM = 82J7RU93V4;
				GENERATE_INFOPLIST_FILE = YES;
				IPHONEOS_DEPLOYMENT_TARGET = 14.0;
				MARKETING_VERSION = 1.0;
				PRODUCT_BUNDLE_IDENTIFIER = "com.JongHoon.FANNI-iOSTests";
				PRODUCT_NAME = "$(TARGET_NAME)";
				SWIFT_EMIT_LOC_STRINGS = NO;
				SWIFT_VERSION = 5.0;
				TARGETED_DEVICE_FAMILY = "1,2";
				TEST_HOST = "$(BUILT_PRODUCTS_DIR)/FANNI-iOS.app/$(BUNDLE_EXECUTABLE_FOLDER_PATH)/FANNI-iOS";
			};
			name = Release;
		};
		EDB7C426298FC9C200D60A9E /* Debug */ = {
			isa = XCBuildConfiguration;
			baseConfigurationReference = 16F6B2F4F9557851417FA24D /* Pods-FANNI-iOS-FANNI-iOSUITests.debug.xcconfig */;
			buildSettings = {
				ALWAYS_EMBED_SWIFT_STANDARD_LIBRARIES = YES;
				CODE_SIGN_STYLE = Automatic;
				CURRENT_PROJECT_VERSION = 1;
				DEVELOPMENT_TEAM = 82J7RU93V4;
				GENERATE_INFOPLIST_FILE = YES;
				MARKETING_VERSION = 1.0;
				PRODUCT_BUNDLE_IDENTIFIER = "com.JongHoon.FANNI-iOSUITests";
				PRODUCT_NAME = "$(TARGET_NAME)";
				SWIFT_EMIT_LOC_STRINGS = NO;
				SWIFT_VERSION = 5.0;
				TARGETED_DEVICE_FAMILY = "1,2";
				TEST_TARGET_NAME = "FANNI-iOS";
			};
			name = Debug;
		};
		EDB7C427298FC9C200D60A9E /* Release */ = {
			isa = XCBuildConfiguration;
			baseConfigurationReference = C82B1C940FE4960C36FA7CBB /* Pods-FANNI-iOS-FANNI-iOSUITests.release.xcconfig */;
			buildSettings = {
				ALWAYS_EMBED_SWIFT_STANDARD_LIBRARIES = YES;
				CODE_SIGN_STYLE = Automatic;
				CURRENT_PROJECT_VERSION = 1;
				DEVELOPMENT_TEAM = 82J7RU93V4;
				GENERATE_INFOPLIST_FILE = YES;
				MARKETING_VERSION = 1.0;
				PRODUCT_BUNDLE_IDENTIFIER = "com.JongHoon.FANNI-iOSUITests";
				PRODUCT_NAME = "$(TARGET_NAME)";
				SWIFT_EMIT_LOC_STRINGS = NO;
				SWIFT_VERSION = 5.0;
				TARGETED_DEVICE_FAMILY = "1,2";
				TEST_TARGET_NAME = "FANNI-iOS";
			};
			name = Release;
		};
/* End XCBuildConfiguration section */

/* Begin XCConfigurationList section */
		EDB7C3F0298FC9C100D60A9E /* Build configuration list for PBXProject "FANNI-iOS" */ = {
			isa = XCConfigurationList;
			buildConfigurations = (
				EDB7C41D298FC9C200D60A9E /* Debug */,
				EDB7C41E298FC9C200D60A9E /* Release */,
			);
			defaultConfigurationIsVisible = 0;
			defaultConfigurationName = Release;
		};
		EDB7C41F298FC9C200D60A9E /* Build configuration list for PBXNativeTarget "FANNI-iOS" */ = {
			isa = XCConfigurationList;
			buildConfigurations = (
				EDB7C420298FC9C200D60A9E /* Debug */,
				EDB7C421298FC9C200D60A9E /* Release */,
			);
			defaultConfigurationIsVisible = 0;
			defaultConfigurationName = Release;
		};
		EDB7C422298FC9C200D60A9E /* Build configuration list for PBXNativeTarget "FANNI-iOSTests" */ = {
			isa = XCConfigurationList;
			buildConfigurations = (
				EDB7C423298FC9C200D60A9E /* Debug */,
				EDB7C424298FC9C200D60A9E /* Release */,
			);
			defaultConfigurationIsVisible = 0;
			defaultConfigurationName = Release;
		};
		EDB7C425298FC9C200D60A9E /* Build configuration list for PBXNativeTarget "FANNI-iOSUITests" */ = {
			isa = XCConfigurationList;
			buildConfigurations = (
				EDB7C426298FC9C200D60A9E /* Debug */,
				EDB7C427298FC9C200D60A9E /* Release */,
			);
			defaultConfigurationIsVisible = 0;
			defaultConfigurationName = Release;
		};
/* End XCConfigurationList section */
	};
	rootObject = EDB7C3ED298FC9C100D60A9E /* Project object */;
}
